
Microsoft Visual Studio Solution File, Format Version 12.00
# Visual Studio Version 16
VisualStudioVersion = 16.0.29926.136
MinimumVisualStudioVersion = 10.0.40219.1
Project("{FAE04EC0-301F-11D3-BF4B-00C04F79EFBC}") = "Maxidatter", "Maxidatter\Maxidatter.csproj", "{240B8715-CE85-4491-A606-3C31B66030E4}"
EndProject
Global
	GlobalSection(SolutionConfigurationPlatforms) = preSolution
		Debug|Any CPU = Debug|Any CPU
		Release|Any CPU = Release|Any CPU
	EndGlobalSection
	GlobalSection(ProjectConfigurationPlatforms) = postSolution
		{240B8715-CE85-4491-A606-3C31B66030E4}.Debug|Any CPU.ActiveCfg = Debug|Any CPU
		{240B8715-CE85-4491-A606-3C31B66030E4}.Debug|Any CPU.Build.0 = Debug|Any CPU
		{240B8715-CE85-4491-A606-3C31B66030E4}.Release|Any CPU.ActiveCfg = Release|Any CPU
		{240B8715-CE85-4491-A606-3C31B66030E4}.Release|Any CPU.Build.0 = Release|Any CPU
	EndGlobalSection
	GlobalSection(SolutionProperties) = preSolution
		HideSolutionNode = FALSE
	EndGlobalSection
	GlobalSection(ExtensibilityGlobals) = postSolution
		SolutionGuid = {4446FDB7-5464-488A-84B6-9368B0BBCCA2}
	EndGlobalSection
EndGlobal
